{
  "name": "@geckos.io/client",
  "version": "0.0.1",
  "lockfileVersion": 1,
  "requires": true,
  "dependencies": {
    "@geckos.io/common": {
      "version": "0.0.1",
      "requires": {
        "eventemitter3": "^3.1.0"
      },
      "dependencies": {
        "eventemitter3": {
          "version": "3.1.0",
          "bundled": true
        }
      }
    }
  }
}
